
Microsoft Visual Studio Solution File, Format Version 12.00
# Visual Studio 15
VisualStudioVersion = 15.0.34031.82
MinimumVisualStudioVersion = 10.0.40219.1
Project("{8BC9CEB8-8B4A-11D0-8D11-00A0C91BC942}") = "Project1", "Project1\Project1.vcxproj", "{02DCFDC1-ED1E-471D-B3AF-9A566EEA8B57}"
EndProject
Global
	GlobalSection(SolutionConfigurationPlatforms) = preSolution
		Debug|x64 = Debug|x64
		Debug|x86 = Debug|x86
		Release|x64 = Release|x64
		Release|x86 = Release|x86
	EndGlobalSection
	GlobalSection(ProjectConfigurationPlatforms) = postSolution
		{02DCFDC1-ED1E-471D-B3AF-9A566EEA8B57}.Debug|x64.ActiveCfg = Debug|x64
		{02DCFDC1-ED1E-471D-B3AF-9A566EEA8B57}.Debug|x64.Build.0 = Debug|x64
		{02DCFDC1-ED1E-471D-B3AF-9A566EEA8B57}.Debug|x86.ActiveCfg = Debug|Win32
		{02DCFDC1-ED1E-471D-B3AF-9A566EEA8B57}.Debug|x86.Build.0 = Debug|Win32
		{02DCFDC1-ED1E-471D-B3AF-9A566EEA8B57}.Release|x64.ActiveCfg = Release|x64
		{02DCFDC1-ED1E-471D-B3AF-9A566EEA8B57}.Release|x64.Build.0 = Release|x64
		{02DCFDC1-ED1E-471D-B3AF-9A566EEA8B57}.Release|x86.ActiveCfg = Release|Win32
		{02DCFDC1-ED1E-471D-B3AF-9A566EEA8B57}.Release|x86.Build.0 = Release|Win32
	EndGlobalSection
	GlobalSection(SolutionProperties) = preSolution
		HideSolutionNode = FALSE
	EndGlobalSection
	GlobalSection(ExtensibilityGlobals) = postSolution
		SolutionGuid = {D0025488-CE2A-454B-8EBE-C56EEA15D705}
	EndGlobalSection
EndGlobal
